
Microsoft Visual Studio Solution File, Format Version 12.00
# Visual Studio 15
VisualStudioVersion = 15.0.28010.2036
MinimumVisualStudioVersion = 10.0.40219.1
Project("{FAE04EC0-301F-11D3-BF4B-00C04F79EFBC}") = "Palindromic Numbers", "Palindromic Numbers\Palindromic Numbers.csproj", "{91161B62-A82E-4DC1-A500-442C501775A0}"
EndProject
Global
	GlobalSection(SolutionConfigurationPlatforms) = preSolution
		Debug|Any CPU = Debug|Any CPU
		Release|Any CPU = Release|Any CPU
	EndGlobalSection
	GlobalSection(ProjectConfigurationPlatforms) = postSolution
		{91161B62-A82E-4DC1-A500-442C501775A0}.Debug|Any CPU.ActiveCfg = Debug|Any CPU
		{91161B62-A82E-4DC1-A500-442C501775A0}.Debug|Any CPU.Build.0 = Debug|Any CPU
		{91161B62-A82E-4DC1-A500-442C501775A0}.Release|Any CPU.ActiveCfg = Release|Any CPU
		{91161B62-A82E-4DC1-A500-442C501775A0}.Release|Any CPU.Build.0 = Release|Any CPU
	EndGlobalSection
	GlobalSection(SolutionProperties) = preSolution
		HideSolutionNode = FALSE
	EndGlobalSection
	GlobalSection(ExtensibilityGlobals) = postSolution
		SolutionGuid = {EE8C5813-C3C2-49D0-9E87-5E434BF1901C}
	EndGlobalSection
EndGlobal
